{"version":"3","remote":{},"npm":{"specifiers":{"astro@5.0.0":"astro@5.0.0","@astrojs/deno@5.0.1":"@astrojs/deno@5.0.1","@astrojs/react@3.0.10":"@astrojs/react@3.0.10","@digdir/designsystemet-css@1.0.3":"@digdir/designsystemet-css@1.0.3","@digdir/designsystemet-react@1.0.3":"@digdir/designsystemet-react@1.0.3","react@18.2.0":"react@18.2.0","react-dom@18.2.0":"react-dom@18.2.0","sharp@0.33.2":"sharp@0.33.2","tinymce@6.8.3":"tinymce@6.8.3"}}}
